
Microsoft Visual Studio Solution File, Format Version 12.00
# Visual Studio Version 16
VisualStudioVersion = 16.0.29613.14
MinimumVisualStudioVersion = 10.0.40219.1
Project("{FAE04EC0-301F-11D3-BF4B-00C04F79EFBC}") = "TestMonitorAndUsers", "TestMonitorAndUsers.csproj", "{810A3C0A-A693-40FF-9615-F5408D7968EE}"
EndProject
Global
	GlobalSection(SolutionConfigurationPlatforms) = preSolution
		Debug|Any CPU = Debug|Any CPU
		Release|Any CPU = Release|Any CPU
	EndGlobalSection
	GlobalSection(ProjectConfigurationPlatforms) = postSolution
		{810A3C0A-A693-40FF-9615-F5408D7968EE}.Debug|Any CPU.ActiveCfg = Debug|Any CPU
		{810A3C0A-A693-40FF-9615-F5408D7968EE}.Debug|Any CPU.Build.0 = Debug|Any CPU
		{810A3C0A-A693-40FF-9615-F5408D7968EE}.Release|Any CPU.ActiveCfg = Release|Any CPU
		{810A3C0A-A693-40FF-9615-F5408D7968EE}.Release|Any CPU.Build.0 = Release|Any CPU
	EndGlobalSection
	GlobalSection(SolutionProperties) = preSolution
		HideSolutionNode = FALSE
	EndGlobalSection
	GlobalSection(ExtensibilityGlobals) = postSolution
		SolutionGuid = {1E2444E6-5D8B-485D-A438-D5F859D5C9B6}
	EndGlobalSection
EndGlobal
